// !$*UTF8*$!
{
	archiveVersion = 1;
	classes = {
	};
	objectVersion = 42;
	objects = {

/* Begin PBXBuildFile section */
		7D81AF910FDB5E95009AF6BF /* GLUT.framework in Frameworks */ = {isa = PBXBuildFile; fileRef = 7D81AF900FDB5E95009AF6BF /* GLUT.framework */; };
		7D81AF950FDB5EA3009AF6BF /* OpenGL.framework in Frameworks */ = {isa = PBXBuildFile; fileRef = 7D81AF940FDB5EA3009AF6BF /* OpenGL.framework */; };
		7D81AFA10FDB5EBA009AF6BF /* glsl.cpp in Sources */ = {isa = PBXBuildFile; fileRef = 7D81AF980FDB5EBA009AF6BF /* glsl.cpp */; };
		7D81AFA20FDB5EBA009AF6BF /* main1.cpp in Sources */ = {isa = PBXBuildFile; fileRef = 7D81AF9A0FDB5EBA009AF6BF /* main1.cpp */; };
		7D81AFA30FDB5EBA009AF6BF /* scene.cpp in Sources */ = {isa = PBXBuildFile; fileRef = 7D81AF9B0FDB5EBA009AF6BF /* scene.cpp */; };
		7D81AFA60FDB5EBA009AF6BF /* trackball.cpp in Sources */ = {isa = PBXBuildFile; fileRef = 7D81AF9F0FDB5EBA009AF6BF /* trackball.cpp */; };
		7D97EAE21048038600F58814 /* shadow.frag in Sources */ = {isa = PBXBuildFile; fileRef = 7D97EAAC1048015900F58814 /* shadow.frag */; };
		7D97EAE31048038900F58814 /* shadow.vert in Resources */ = {isa = PBXBuildFile; fileRef = 7D81AF9E0FDB5EBA009AF6BF /* shadow.vert */; };
		7D97EAE61048043B00F58814 /* shadow.frag in Resources */ = {isa = PBXBuildFile; fileRef = 7D97EAAC1048015900F58814 /* shadow.frag */; };
/* End PBXBuildFile section */

/* Begin PBXFileReference section */
		7D81AF890FDB5DBA009AF6BF /* glsl9.app */ = {isa = PBXFileReference; explicitFileType = wrapper.application; includeInIndex = 0; path = glsl9.app; sourceTree = BUILT_PRODUCTS_DIR; };
		7D81AF8C0FDB5DBA009AF6BF /* glsl9-Info.plist */ = {isa = PBXFileReference; lastKnownFileType = text.plist.xml; path = "glsl9-Info.plist"; sourceTree = "<group>"; };
		7D81AF900FDB5E95009AF6BF /* GLUT.framework */ = {isa = PBXFileReference; lastKnownFileType = wrapper.framework; name = GLUT.framework; path = /System/Library/Frameworks/GLUT.framework; sourceTree = "<absolute>"; };
		7D81AF940FDB5EA3009AF6BF /* OpenGL.framework */ = {isa = PBXFileReference; lastKnownFileType = wrapper.framework; name = OpenGL.framework; path = /System/Library/Frameworks/OpenGL.framework; sourceTree = "<absolute>"; };
		7D81AF980FDB5EBA009AF6BF /* glsl.cpp */ = {isa = PBXFileReference; fileEncoding = 4; lastKnownFileType = sourcecode.cpp.cpp; path = glsl.cpp; sourceTree = "<group>"; };
		7D81AF990FDB5EBA009AF6BF /* glsl.h */ = {isa = PBXFileReference; fileEncoding = 4; lastKnownFileType = sourcecode.c.h; path = glsl.h; sourceTree = "<group>"; };
		7D81AF9A0FDB5EBA009AF6BF /* main1.cpp */ = {isa = PBXFileReference; fileEncoding = 4; lastKnownFileType = sourcecode.cpp.cpp; path = main1.cpp; sourceTree = "<group>"; };
		7D81AF9B0FDB5EBA009AF6BF /* scene.cpp */ = {isa = PBXFileReference; fileEncoding = 4; lastKnownFileType = sourcecode.cpp.cpp; path = scene.cpp; sourceTree = "<group>"; };
		7D81AF9C0FDB5EBA009AF6BF /* scene.h */ = {isa = PBXFileReference; fileEncoding = 4; lastKnownFileType = sourcecode.c.h; path = scene.h; sourceTree = "<group>"; };
		7D81AF9E0FDB5EBA009AF6BF /* shadow.vert */ = {isa = PBXFileReference; explicitFileType = sourcecode.glsl; fileEncoding = 4; path = shadow.vert; sourceTree = "<group>"; };
		7D81AF9F0FDB5EBA009AF6BF /* trackball.cpp */ = {isa = PBXFileReference; fileEncoding = 4; lastKnownFileType = sourcecode.cpp.cpp; path = trackball.cpp; sourceTree = "<group>"; };
		7D81AFA00FDB5EBA009AF6BF /* trackball.h */ = {isa = PBXFileReference; fileEncoding = 4; lastKnownFileType = sourcecode.c.h; path = trackball.h; sourceTree = "<group>"; };
		7D97EAAC1048015900F58814 /* shadow.frag */ = {isa = PBXFileReference; fileEncoding = 4; lastKnownFileType = sourcecode.glsl; path = shadow.frag; sourceTree = "<group>"; };
/* End PBXFileReference section */

/* Begin PBXFrameworksBuildPhase section */
		7D81AF870FDB5DBA009AF6BF /* Frameworks */ = {
			isa = PBXFrameworksBuildPhase;
			buildActionMask = 2147483647;
			files = (
				7D81AF910FDB5E95009AF6BF /* GLUT.framework in Frameworks */,
				7D81AF950FDB5EA3009AF6BF /* OpenGL.framework in Frameworks */,
			);
			runOnlyForDeploymentPostprocessing = 0;
		};
/* End PBXFrameworksBuildPhase section */

/* Begin PBXGroup section */
		7D81AF7A0FDB5DAE009AF6BF = {
			isa = PBXGroup;
			children = (
				7D97EAAC1048015900F58814 /* shadow.frag */,
				7D81AF980FDB5EBA009AF6BF /* glsl.cpp */,
				7D81AF990FDB5EBA009AF6BF /* glsl.h */,
				7D81AF9A0FDB5EBA009AF6BF /* main1.cpp */,
				7D81AF9B0FDB5EBA009AF6BF /* scene.cpp */,
				7D81AF9C0FDB5EBA009AF6BF /* scene.h */,
				7D81AF9E0FDB5EBA009AF6BF /* shadow.vert */,
				7D81AF9F0FDB5EBA009AF6BF /* trackball.cpp */,
				7D81AFA00FDB5EBA009AF6BF /* trackball.h */,
				7D81AF940FDB5EA3009AF6BF /* OpenGL.framework */,
				7D81AF900FDB5E95009AF6BF /* GLUT.framework */,
				7D81AF8A0FDB5DBA009AF6BF /* Products */,
				7D81AF8C0FDB5DBA009AF6BF /* glsl9-Info.plist */,
			);
			sourceTree = "<group>";
		};
		7D81AF8A0FDB5DBA009AF6BF /* Products */ = {
			isa = PBXGroup;
			children = (
				7D81AF890FDB5DBA009AF6BF /* glsl9.app */,
			);
			name = Products;
			sourceTree = "<group>";
		};
/* End PBXGroup section */

/* Begin PBXNativeTarget section */
		7D81AF880FDB5DBA009AF6BF /* glsl9 */ = {
			isa = PBXNativeTarget;
			buildConfigurationList = 7D81AF8F0FDB5DBB009AF6BF /* Build configuration list for PBXNativeTarget "glsl9" */;
			buildPhases = (
				7D81AF850FDB5DBA009AF6BF /* Resources */,
				7D81AF860FDB5DBA009AF6BF /* Sources */,
				7D81AF870FDB5DBA009AF6BF /* Frameworks */,
			);
			buildRules = (
			);
			dependencies = (
			);
			name = glsl9;
			productName = glsl9;
			productReference = 7D81AF890FDB5DBA009AF6BF /* glsl9.app */;
			productType = "com.apple.product-type.application";
		};
/* End PBXNativeTarget section */

/* Begin PBXProject section */
		7D81AF7C0FDB5DAE009AF6BF /* Project object */ = {
			isa = PBXProject;
			buildConfigurationList = 7D81AF7F0FDB5DAE009AF6BF /* Build configuration list for PBXProject "glsl9" */;
			compatibilityVersion = "Xcode 2.4";
			developmentRegion = English;
			hasScannedForEncodings = 0;
			knownRegions = (
				English,
				Japanese,
				French,
				German,
			);
			mainGroup = 7D81AF7A0FDB5DAE009AF6BF;
			productRefGroup = 7D81AF8A0FDB5DBA009AF6BF /* Products */;
			projectDirPath = "";
			projectRoot = "";
			targets = (
				7D81AF880FDB5DBA009AF6BF /* glsl9 */,
			);
		};
/* End PBXProject section */

/* Begin PBXResourcesBuildPhase section */
		7D81AF850FDB5DBA009AF6BF /* Resources */ = {
			isa = PBXResourcesBuildPhase;
			buildActionMask = 2147483647;
			files = (
				7D97EAE31048038900F58814 /* shadow.vert in Resources */,
				7D97EAE61048043B00F58814 /* shadow.frag in Resources */,
			);
			runOnlyForDeploymentPostprocessing = 0;
		};
/* End PBXResourcesBuildPhase section */

/* Begin PBXSourcesBuildPhase section */
		7D81AF860FDB5DBA009AF6BF /* Sources */ = {
			isa = PBXSourcesBuildPhase;
			buildActionMask = 2147483647;
			files = (
				7D81AFA10FDB5EBA009AF6BF /* glsl.cpp in Sources */,
				7D81AFA20FDB5EBA009AF6BF /* main1.cpp in Sources */,
				7D81AFA30FDB5EBA009AF6BF /* scene.cpp in Sources */,
				7D81AFA60FDB5EBA009AF6BF /* trackball.cpp in Sources */,
				7D97EAE21048038600F58814 /* shadow.frag in Sources */,
			);
			runOnlyForDeploymentPostprocessing = 0;
		};
/* End PBXSourcesBuildPhase section */

/* Begin XCBuildConfiguration section */
		7D81AF7D0FDB5DAE009AF6BF /* Debug */ = {
			isa = XCBuildConfiguration;
			buildSettings = {
				COPY_PHASE_STRIP = NO;
			};
			name = Debug;
		};
		7D81AF7E0FDB5DAE009AF6BF /* Release */ = {
			isa = XCBuildConfiguration;
			buildSettings = {
				COPY_PHASE_STRIP = YES;
			};
			name = Release;
		};
		7D81AF8D0FDB5DBB009AF6BF /* Debug */ = {
			isa = XCBuildConfiguration;
			buildSettings = {
				ALWAYS_SEARCH_USER_PATHS = NO;
				COPY_PHASE_STRIP = NO;
				GCC_DYNAMIC_NO_PIC = NO;
				GCC_ENABLE_FIX_AND_CONTINUE = YES;
				GCC_MODEL_TUNING = G5;
				GCC_OPTIMIZATION_LEVEL = 0;
				GCC_PRECOMPILE_PREFIX_HEADER = YES;
				GCC_PREFIX_HEADER = "$(SYSTEM_LIBRARY_DIR)/Frameworks/Carbon.framework/Headers/Carbon.h";
				INFOPLIST_FILE = "glsl9-Info.plist";
				INSTALL_PATH = "$(HOME)/Applications";
				OTHER_LDFLAGS = (
					"-framework",
					Carbon,
				);
				PREBINDING = NO;
				PRODUCT_NAME = glsl9;
			};
			name = Debug;
		};
		7D81AF8E0FDB5DBB009AF6BF /* Release */ = {
			isa = XCBuildConfiguration;
			buildSettings = {
				ALWAYS_SEARCH_USER_PATHS = NO;
				COPY_PHASE_STRIP = YES;
				DEBUG_INFORMATION_FORMAT = "dwarf-with-dsym";
				GCC_ENABLE_FIX_AND_CONTINUE = NO;
				GCC_MODEL_TUNING = G5;
				GCC_PRECOMPILE_PREFIX_HEADER = YES;
				GCC_PREFIX_HEADER = "$(SYSTEM_LIBRARY_DIR)/Frameworks/Carbon.framework/Headers/Carbon.h";
				INFOPLIST_FILE = "glsl9-Info.plist";
				INSTALL_PATH = "$(HOME)/Applications";
				OTHER_LDFLAGS = (
					"-framework",
					Carbon,
				);
				PREBINDING = NO;
				PRODUCT_NAME = glsl9;
				ZERO_LINK = NO;
			};
			name = Release;
		};
/* End XCBuildConfiguration section */

/* Begin XCConfigurationList section */
		7D81AF7F0FDB5DAE009AF6BF /* Build configuration list for PBXProject "glsl9" */ = {
			isa = XCConfigurationList;
			buildConfigurations = (
				7D81AF7D0FDB5DAE009AF6BF /* Debug */,
				7D81AF7E0FDB5DAE009AF6BF /* Release */,
			);
			defaultConfigurationIsVisible = 0;
			defaultConfigurationName = Release;
		};
		7D81AF8F0FDB5DBB009AF6BF /* Build configuration list for PBXNativeTarget "glsl9" */ = {
			isa = XCConfigurationList;
			buildConfigurations = (
				7D81AF8D0FDB5DBB009AF6BF /* Debug */,
				7D81AF8E0FDB5DBB009AF6BF /* Release */,
			);
			defaultConfigurationIsVisible = 0;
			defaultConfigurationName = Release;
		};
/* End XCConfigurationList section */
	};
	rootObject = 7D81AF7C0FDB5DAE009AF6BF /* Project object */;
}
